
Microsoft Visual Studio Solution File, Format Version 12.00
# Visual Studio Version 17
VisualStudioVersion = 17.0.31903.59
MinimumVisualStudioVersion = 10.0.40219.1
Project("{2150E333-8FDC-42A3-9474-1A3956D46DE8}") = "src", "src", "{7B871498-9633-4F53-85A9-9A13088936C5}"
EndProject
Project("{FAE04EC0-301F-11D3-BF4B-00C04F79EFBC}") = "AppSemTemplate", "src\AppSemTemplate\AppSemTemplate.csproj", "{1C85558A-80D3-4B8E-BC3D-0C6C2C712B01}"
EndProject
Global
	GlobalSection(SolutionConfigurationPlatforms) = preSolution
		Debug|Any CPU = Debug|Any CPU
		Release|Any CPU = Release|Any CPU
	EndGlobalSection
	GlobalSection(SolutionProperties) = preSolution
		HideSolutionNode = FALSE
	EndGlobalSection
	GlobalSection(ProjectConfigurationPlatforms) = postSolution
		{1C85558A-80D3-4B8E-BC3D-0C6C2C712B01}.Debug|Any CPU.ActiveCfg = Debug|Any CPU
		{1C85558A-80D3-4B8E-BC3D-0C6C2C712B01}.Debug|Any CPU.Build.0 = Debug|Any CPU
		{1C85558A-80D3-4B8E-BC3D-0C6C2C712B01}.Release|Any CPU.ActiveCfg = Release|Any CPU
		{1C85558A-80D3-4B8E-BC3D-0C6C2C712B01}.Release|Any CPU.Build.0 = Release|Any CPU
	EndGlobalSection
	GlobalSection(NestedProjects) = preSolution
		{1C85558A-80D3-4B8E-BC3D-0C6C2C712B01} = {7B871498-9633-4F53-85A9-9A13088936C5}
	EndGlobalSection
EndGlobal
